# This file is automatically @generated by Cargo.
# It is not intended for manual editing.
[[package]]
name = "fasteval"
version = "0.2.4"
source = "registry+https://github.com/rust-lang/crates.io-index"
checksum = "4f4cdac9e4065d7c48e30770f8665b8cef9a3a73a63a4056a33a5f395bc7cf75"

[[package]]
name = "fasteval-repl"
version = "0.0.1"
dependencies = [
 "fasteval",
]
